
Microsoft Visual Studio Solution File, Format Version 12.00
# Visual Studio Version 17
VisualStudioVersion = 17.9.34607.119
MinimumVisualStudioVersion = 10.0.40219.1
Project("{FAE04EC0-301F-11D3-BF4B-00C04F79EFBC}") = "ListadeTareas", "ListadeTareas\ListadeTareas.csproj", "{B5601C30-F2EE-4603-AC70-C33B49DDC9A1}"
EndProject
Global
	GlobalSection(SolutionConfigurationPlatforms) = preSolution
		Debug|Any CPU = Debug|Any CPU
		Release|Any CPU = Release|Any CPU
	EndGlobalSection
	GlobalSection(ProjectConfigurationPlatforms) = postSolution
		{B5601C30-F2EE-4603-AC70-C33B49DDC9A1}.Debug|Any CPU.ActiveCfg = Debug|Any CPU
		{B5601C30-F2EE-4603-AC70-C33B49DDC9A1}.Debug|Any CPU.Build.0 = Debug|Any CPU
		{B5601C30-F2EE-4603-AC70-C33B49DDC9A1}.Release|Any CPU.ActiveCfg = Release|Any CPU
		{B5601C30-F2EE-4603-AC70-C33B49DDC9A1}.Release|Any CPU.Build.0 = Release|Any CPU
	EndGlobalSection
	GlobalSection(SolutionProperties) = preSolution
		HideSolutionNode = FALSE
	EndGlobalSection
	GlobalSection(ExtensibilityGlobals) = postSolution
		SolutionGuid = {CE5B8D64-3E59-424E-AFE8-0B24540774D8}
	EndGlobalSection
EndGlobal
